// !$*UTF8*$!
{
	archiveVersion = 1;
	classes = {
	};
	objectVersion = 50;
	objects = {

/* Begin PBXBuildFile section */
		DC05DBA820CCEB72000C3B2B /* AppDelegate.swift in Sources */ = {isa = PBXBuildFile; fileRef = DC05DBA720CCEB72000C3B2B /* AppDelegate.swift */; };
		DC05DBAA20CCEB72000C3B2B /* ViewController.swift in Sources */ = {isa = PBXBuildFile; fileRef = DC05DBA920CCEB72000C3B2B /* ViewController.swift */; };
		DC05DBAD20CCEB72000C3B2B /* Main.storyboard in Resources */ = {isa = PBXBuildFile; fileRef = DC05DBAB20CCEB72000C3B2B /* Main.storyboard */; };
		DC05DBAF20CCEB73000C3B2B /* Assets.xcassets in Resources */ = {isa = PBXBuildFile; fileRef = DC05DBAE20CCEB73000C3B2B /* Assets.xcassets */; };
		DC05DBB220CCEB73000C3B2B /* LaunchScreen.storyboard in Resources */ = {isa = PBXBuildFile; fileRef = DC05DBB020CCEB73000C3B2B /* LaunchScreen.storyboard */; };
		DC05DBBB20CD0E8B000C3B2B /* Toast.swift in Sources */ = {isa = PBXBuildFile; fileRef = DC05DBBA20CD0E8B000C3B2B /* Toast.swift */; };
		DC05DBBD20CD0EB1000C3B2B /* ToastView.swift in Sources */ = {isa = PBXBuildFile; fileRef = DC05DBBC20CD0EB1000C3B2B /* ToastView.swift */; };
		DC05DBC320CD0F13000C3B2B /* ToastProtocol.swift in Sources */ = {isa = PBXBuildFile; fileRef = DC05DBC220CD0F13000C3B2B /* ToastProtocol.swift */; };
		DC05DBC520CD2D46000C3B2B /* ToastComponent.swift in Sources */ = {isa = PBXBuildFile; fileRef = DC05DBC420CD2D46000C3B2B /* ToastComponent.swift */; };
		DC05DBC820CD2F68000C3B2B /* ActivityIndicator.swift in Sources */ = {isa = PBXBuildFile; fileRef = DC05DBC720CD2F68000C3B2B /* ActivityIndicator.swift */; };
		DC05DBCA20CD2F7A000C3B2B /* Component.swift in Sources */ = {isa = PBXBuildFile; fileRef = DC05DBC920CD2F7A000C3B2B /* Component.swift */; };
		DC49C9D520D0111700FF3C1F /* ToastError.swift in Sources */ = {isa = PBXBuildFile; fileRef = DC49C9D420D0111700FF3C1F /* ToastError.swift */; };
		DC73326720D0C23F00082AE8 /* misc.swift in Sources */ = {isa = PBXBuildFile; fileRef = DC73326620D0C23F00082AE8 /* misc.swift */; };
		DC73326920D0CC6C00082AE8 /* Layout.swift in Sources */ = {isa = PBXBuildFile; fileRef = DC73326820D0CC6C00082AE8 /* Layout.swift */; };
		DC73326B20D23FAE00082AE8 /* ResultIndicator.swift in Sources */ = {isa = PBXBuildFile; fileRef = DC73326A20D23FAE00082AE8 /* ResultIndicator.swift */; };
		DCB7AA0720D175CE00774846 /* ToastController.swift in Sources */ = {isa = PBXBuildFile; fileRef = DCB7AA0620D175CE00774846 /* ToastController.swift */; };
		DCE959E420CEC21400E5CC0B /* ToastContentView.swift in Sources */ = {isa = PBXBuildFile; fileRef = DCE959E320CEC21400E5CC0B /* ToastContentView.swift */; };
		DCF5C8C520CD4C8C0097C3C9 /* ProgressIndicator.swift in Sources */ = {isa = PBXBuildFile; fileRef = DCF5C8C420CD4C8C0097C3C9 /* ProgressIndicator.swift */; };
/* End PBXBuildFile section */

/* Begin PBXFileReference section */
		DC05DBA420CCEB72000C3B2B /* Toast.app */ = {isa = PBXFileReference; explicitFileType = wrapper.application; includeInIndex = 0; path = Toast.app; sourceTree = BUILT_PRODUCTS_DIR; };
		DC05DBA720CCEB72000C3B2B /* AppDelegate.swift */ = {isa = PBXFileReference; lastKnownFileType = sourcecode.swift; path = AppDelegate.swift; sourceTree = "<group>"; };
		DC05DBA920CCEB72000C3B2B /* ViewController.swift */ = {isa = PBXFileReference; lastKnownFileType = sourcecode.swift; path = ViewController.swift; sourceTree = "<group>"; };
		DC05DBAC20CCEB72000C3B2B /* Base */ = {isa = PBXFileReference; lastKnownFileType = file.storyboard; name = Base; path = Base.lproj/Main.storyboard; sourceTree = "<group>"; };
		DC05DBAE20CCEB73000C3B2B /* Assets.xcassets */ = {isa = PBXFileReference; lastKnownFileType = folder.assetcatalog; path = Assets.xcassets; sourceTree = "<group>"; };
		DC05DBB120CCEB73000C3B2B /* Base */ = {isa = PBXFileReference; lastKnownFileType = file.storyboard; name = Base; path = Base.lproj/LaunchScreen.storyboard; sourceTree = "<group>"; };
		DC05DBB320CCEB73000C3B2B /* Info.plist */ = {isa = PBXFileReference; lastKnownFileType = text.plist.xml; path = Info.plist; sourceTree = "<group>"; };
		DC05DBBA20CD0E8B000C3B2B /* Toast.swift */ = {isa = PBXFileReference; lastKnownFileType = sourcecode.swift; path = Toast.swift; sourceTree = "<group>"; };
		DC05DBBC20CD0EB1000C3B2B /* ToastView.swift */ = {isa = PBXFileReference; lastKnownFileType = sourcecode.swift; path = ToastView.swift; sourceTree = "<group>"; };
		DC05DBC220CD0F13000C3B2B /* ToastProtocol.swift */ = {isa = PBXFileReference; lastKnownFileType = sourcecode.swift; path = ToastProtocol.swift; sourceTree = "<group>"; };
		DC05DBC420CD2D46000C3B2B /* ToastComponent.swift */ = {isa = PBXFileReference; lastKnownFileType = sourcecode.swift; path = ToastComponent.swift; sourceTree = "<group>"; };
		DC05DBC720CD2F68000C3B2B /* ActivityIndicator.swift */ = {isa = PBXFileReference; lastKnownFileType = sourcecode.swift; path = ActivityIndicator.swift; sourceTree = "<group>"; };
		DC05DBC920CD2F7A000C3B2B /* Component.swift */ = {isa = PBXFileReference; lastKnownFileType = sourcecode.swift; path = Component.swift; sourceTree = "<group>"; };
		DC49C9D420D0111700FF3C1F /* ToastError.swift */ = {isa = PBXFileReference; lastKnownFileType = sourcecode.swift; path = ToastError.swift; sourceTree = "<group>"; };
		DC73326620D0C23F00082AE8 /* misc.swift */ = {isa = PBXFileReference; lastKnownFileType = sourcecode.swift; path = misc.swift; sourceTree = "<group>"; };
		DC73326820D0CC6C00082AE8 /* Layout.swift */ = {isa = PBXFileReference; lastKnownFileType = sourcecode.swift; path = Layout.swift; sourceTree = "<group>"; };
		DC73326A20D23FAE00082AE8 /* ResultIndicator.swift */ = {isa = PBXFileReference; lastKnownFileType = sourcecode.swift; path = ResultIndicator.swift; sourceTree = "<group>"; };
		DCB7AA0620D175CE00774846 /* ToastController.swift */ = {isa = PBXFileReference; lastKnownFileType = sourcecode.swift; path = ToastController.swift; sourceTree = "<group>"; };
		DCE959E320CEC21400E5CC0B /* ToastContentView.swift */ = {isa = PBXFileReference; fileEncoding = 4; lastKnownFileType = sourcecode.swift; path = ToastContentView.swift; sourceTree = "<group>"; };
		DCF5C8C420CD4C8C0097C3C9 /* ProgressIndicator.swift */ = {isa = PBXFileReference; lastKnownFileType = sourcecode.swift; path = ProgressIndicator.swift; sourceTree = "<group>"; };
/* End PBXFileReference section */

/* Begin PBXFrameworksBuildPhase section */
		DC05DBA120CCEB72000C3B2B /* Frameworks */ = {
			isa = PBXFrameworksBuildPhase;
			buildActionMask = 2147483647;
			files = (
			);
			runOnlyForDeploymentPostprocessing = 0;
		};
/* End PBXFrameworksBuildPhase section */

/* Begin PBXGroup section */
		DC05DB9B20CCEB72000C3B2B = {
			isa = PBXGroup;
			children = (
				DC05DBB920CCEBA6000C3B2B /* Sources */,
				DC05DBA620CCEB72000C3B2B /* Toast */,
				DC05DBA520CCEB72000C3B2B /* Products */,
			);
			sourceTree = "<group>";
		};
		DC05DBA520CCEB72000C3B2B /* Products */ = {
			isa = PBXGroup;
			children = (
				DC05DBA420CCEB72000C3B2B /* Toast.app */,
			);
			name = Products;
			sourceTree = "<group>";
		};
		DC05DBA620CCEB72000C3B2B /* Toast */ = {
			isa = PBXGroup;
			children = (
				DC05DBA720CCEB72000C3B2B /* AppDelegate.swift */,
				DC05DBA920CCEB72000C3B2B /* ViewController.swift */,
				DC05DBAB20CCEB72000C3B2B /* Main.storyboard */,
				DC05DBAE20CCEB73000C3B2B /* Assets.xcassets */,
				DC05DBB020CCEB73000C3B2B /* LaunchScreen.storyboard */,
				DC05DBB320CCEB73000C3B2B /* Info.plist */,
			);
			path = Toast;
			sourceTree = "<group>";
		};
		DC05DBB920CCEBA6000C3B2B /* Sources */ = {
			isa = PBXGroup;
			children = (
				DC05DBBA20CD0E8B000C3B2B /* Toast.swift */,
				DC49C9D420D0111700FF3C1F /* ToastError.swift */,
				DC73326620D0C23F00082AE8 /* misc.swift */,
				DC05DBC120CD0EE7000C3B2B /* View */,
				DC05DBC020CD0EDD000C3B2B /* Protocol */,
			);
			path = Sources;
			sourceTree = "<group>";
		};
		DC05DBC020CD0EDD000C3B2B /* Protocol */ = {
			isa = PBXGroup;
			children = (
				DC05DBC220CD0F13000C3B2B /* ToastProtocol.swift */,
				DC05DBC420CD2D46000C3B2B /* ToastComponent.swift */,
			);
			path = Protocol;
			sourceTree = "<group>";
		};
		DC05DBC120CD0EE7000C3B2B /* View */ = {
			isa = PBXGroup;
			children = (
				DC05DBBC20CD0EB1000C3B2B /* ToastView.swift */,
				DCB7AA0620D175CE00774846 /* ToastController.swift */,
				DCE959E320CEC21400E5CC0B /* ToastContentView.swift */,
				DC05DBC620CD2F00000C3B2B /* Components */,
			);
			path = View;
			sourceTree = "<group>";
		};
		DC05DBC620CD2F00000C3B2B /* Components */ = {
			isa = PBXGroup;
			children = (
				DC05DBC920CD2F7A000C3B2B /* Component.swift */,
				DC73326820D0CC6C00082AE8 /* Layout.swift */,
				DC73326A20D23FAE00082AE8 /* ResultIndicator.swift */,
				DC05DBC720CD2F68000C3B2B /* ActivityIndicator.swift */,
				DCF5C8C420CD4C8C0097C3C9 /* ProgressIndicator.swift */,
			);
			path = Components;
			sourceTree = "<group>";
		};
/* End PBXGroup section */

/* Begin PBXNativeTarget section */
		DC05DBA320CCEB72000C3B2B /* Toast */ = {
			isa = PBXNativeTarget;
			buildConfigurationList = DC05DBB620CCEB73000C3B2B /* Build configuration list for PBXNativeTarget "Toast" */;
			buildPhases = (
				DC05DBA020CCEB72000C3B2B /* Sources */,
				DC05DBA120CCEB72000C3B2B /* Frameworks */,
				DC05DBA220CCEB72000C3B2B /* Resources */,
			);
			buildRules = (
			);
			dependencies = (
			);
			name = Toast;
			productName = Toast;
			productReference = DC05DBA420CCEB72000C3B2B /* Toast.app */;
			productType = "com.apple.product-type.application";
		};
/* End PBXNativeTarget section */

/* Begin PBXProject section */
		DC05DB9C20CCEB72000C3B2B /* Project object */ = {
			isa = PBXProject;
			attributes = {
				LastSwiftUpdateCheck = 0940;
				LastUpgradeCheck = 0940;
				ORGANIZATIONNAME = AxziplinLib;
				TargetAttributes = {
					DC05DBA320CCEB72000C3B2B = {
						CreatedOnToolsVersion = 9.4;
					};
				};
			};
			buildConfigurationList = DC05DB9F20CCEB72000C3B2B /* Build configuration list for PBXProject "Toast" */;
			compatibilityVersion = "Xcode 9.3";
			developmentRegion = en;
			hasScannedForEncodings = 0;
			knownRegions = (
				en,
				Base,
			);
			mainGroup = DC05DB9B20CCEB72000C3B2B;
			productRefGroup = DC05DBA520CCEB72000C3B2B /* Products */;
			projectDirPath = "";
			projectRoot = "";
			targets = (
				DC05DBA320CCEB72000C3B2B /* Toast */,
			);
		};
/* End PBXProject section */

/* Begin PBXResourcesBuildPhase section */
		DC05DBA220CCEB72000C3B2B /* Resources */ = {
			isa = PBXResourcesBuildPhase;
			buildActionMask = 2147483647;
			files = (
				DC05DBB220CCEB73000C3B2B /* LaunchScreen.storyboard in Resources */,
				DC05DBAF20CCEB73000C3B2B /* Assets.xcassets in Resources */,
				DC05DBAD20CCEB72000C3B2B /* Main.storyboard in Resources */,
			);
			runOnlyForDeploymentPostprocessing = 0;
		};
/* End PBXResourcesBuildPhase section */

/* Begin PBXSourcesBuildPhase section */
		DC05DBA020CCEB72000C3B2B /* Sources */ = {
			isa = PBXSourcesBuildPhase;
			buildActionMask = 2147483647;
			files = (
				DC73326720D0C23F00082AE8 /* misc.swift in Sources */,
				DC05DBBD20CD0EB1000C3B2B /* ToastView.swift in Sources */,
				DC05DBAA20CCEB72000C3B2B /* ViewController.swift in Sources */,
				DC05DBBB20CD0E8B000C3B2B /* Toast.swift in Sources */,
				DC05DBCA20CD2F7A000C3B2B /* Component.swift in Sources */,
				DC49C9D520D0111700FF3C1F /* ToastError.swift in Sources */,
				DC73326920D0CC6C00082AE8 /* Layout.swift in Sources */,
				DC73326B20D23FAE00082AE8 /* ResultIndicator.swift in Sources */,
				DC05DBC820CD2F68000C3B2B /* ActivityIndicator.swift in Sources */,
				DC05DBC520CD2D46000C3B2B /* ToastComponent.swift in Sources */,
				DC05DBC320CD0F13000C3B2B /* ToastProtocol.swift in Sources */,
				DCF5C8C520CD4C8C0097C3C9 /* ProgressIndicator.swift in Sources */,
				DCE959E420CEC21400E5CC0B /* ToastContentView.swift in Sources */,
				DC05DBA820CCEB72000C3B2B /* AppDelegate.swift in Sources */,
				DCB7AA0720D175CE00774846 /* ToastController.swift in Sources */,
			);
			runOnlyForDeploymentPostprocessing = 0;
		};
/* End PBXSourcesBuildPhase section */

/* Begin PBXVariantGroup section */
		DC05DBAB20CCEB72000C3B2B /* Main.storyboard */ = {
			isa = PBXVariantGroup;
			children = (
				DC05DBAC20CCEB72000C3B2B /* Base */,
			);
			name = Main.storyboard;
			sourceTree = "<group>";
		};
		DC05DBB020CCEB73000C3B2B /* LaunchScreen.storyboard */ = {
			isa = PBXVariantGroup;
			children = (
				DC05DBB120CCEB73000C3B2B /* Base */,
			);
			name = LaunchScreen.storyboard;
			sourceTree = "<group>";
		};
/* End PBXVariantGroup section */

/* Begin XCBuildConfiguration section */
		DC05DBB420CCEB73000C3B2B /* Debug */ = {
			isa = XCBuildConfiguration;
			buildSettings = {
				ALWAYS_SEARCH_USER_PATHS = NO;
				CLANG_ANALYZER_NONNULL = YES;
				CLANG_ANALYZER_NUMBER_OBJECT_CONVERSION = YES_AGGRESSIVE;
				CLANG_CXX_LANGUAGE_STANDARD = "gnu++14";
				CLANG_CXX_LIBRARY = "libc++";
				CLANG_ENABLE_MODULES = YES;
				CLANG_ENABLE_OBJC_ARC = YES;
				CLANG_ENABLE_OBJC_WEAK = YES;
				CLANG_WARN_BLOCK_CAPTURE_AUTORELEASING = YES;
				CLANG_WARN_BOOL_CONVERSION = YES;
				CLANG_WARN_COMMA = YES;
				CLANG_WARN_CONSTANT_CONVERSION = YES;
				CLANG_WARN_DEPRECATED_OBJC_IMPLEMENTATIONS = YES;
				CLANG_WARN_DIRECT_OBJC_ISA_USAGE = YES_ERROR;
				CLANG_WARN_DOCUMENTATION_COMMENTS = YES;
				CLANG_WARN_EMPTY_BODY = YES;
				CLANG_WARN_ENUM_CONVERSION = YES;
				CLANG_WARN_INFINITE_RECURSION = YES;
				CLANG_WARN_INT_CONVERSION = YES;
				CLANG_WARN_NON_LITERAL_NULL_CONVERSION = YES;
				CLANG_WARN_OBJC_IMPLICIT_RETAIN_SELF = YES;
				CLANG_WARN_OBJC_LITERAL_CONVERSION = YES;
				CLANG_WARN_OBJC_ROOT_CLASS = YES_ERROR;
				CLANG_WARN_RANGE_LOOP_ANALYSIS = YES;
				CLANG_WARN_STRICT_PROTOTYPES = YES;
				CLANG_WARN_SUSPICIOUS_MOVE = YES;
				CLANG_WARN_UNGUARDED_AVAILABILITY = YES_AGGRESSIVE;
				CLANG_WARN_UNREACHABLE_CODE = YES;
				CLANG_WARN__DUPLICATE_METHOD_MATCH = YES;
				CODE_SIGN_IDENTITY = "iPhone Developer";
				COPY_PHASE_STRIP = NO;
				DEBUG_INFORMATION_FORMAT = dwarf;
				ENABLE_STRICT_OBJC_MSGSEND = YES;
				ENABLE_TESTABILITY = YES;
				GCC_C_LANGUAGE_STANDARD = gnu11;
				GCC_DYNAMIC_NO_PIC = NO;
				GCC_NO_COMMON_BLOCKS = YES;
				GCC_OPTIMIZATION_LEVEL = 0;
				GCC_PREPROCESSOR_DEFINITIONS = (
					"DEBUG=1",
					"$(inherited)",
				);
				GCC_WARN_64_TO_32_BIT_CONVERSION = YES;
				GCC_WARN_ABOUT_RETURN_TYPE = YES_ERROR;
				GCC_WARN_UNDECLARED_SELECTOR = YES;
				GCC_WARN_UNINITIALIZED_AUTOS = YES_AGGRESSIVE;
				GCC_WARN_UNUSED_FUNCTION = YES;
				GCC_WARN_UNUSED_VARIABLE = YES;
				IPHONEOS_DEPLOYMENT_TARGET = 11.4;
				MTL_ENABLE_DEBUG_INFO = YES;
				ONLY_ACTIVE_ARCH = YES;
				SDKROOT = iphoneos;
				SWIFT_ACTIVE_COMPILATION_CONDITIONS = DEBUG;
				SWIFT_OPTIMIZATION_LEVEL = "-Onone";
			};
			name = Debug;
		};
		DC05DBB520CCEB73000C3B2B /* Release */ = {
			isa = XCBuildConfiguration;
			buildSettings = {
				ALWAYS_SEARCH_USER_PATHS = NO;
				CLANG_ANALYZER_NONNULL = YES;
				CLANG_ANALYZER_NUMBER_OBJECT_CONVERSION = YES_AGGRESSIVE;
				CLANG_CXX_LANGUAGE_STANDARD = "gnu++14";
				CLANG_CXX_LIBRARY = "libc++";
				CLANG_ENABLE_MODULES = YES;
				CLANG_ENABLE_OBJC_ARC = YES;
				CLANG_ENABLE_OBJC_WEAK = YES;
				CLANG_WARN_BLOCK_CAPTURE_AUTORELEASING = YES;
				CLANG_WARN_BOOL_CONVERSION = YES;
				CLANG_WARN_COMMA = YES;
				CLANG_WARN_CONSTANT_CONVERSION = YES;
				CLANG_WARN_DEPRECATED_OBJC_IMPLEMENTATIONS = YES;
				CLANG_WARN_DIRECT_OBJC_ISA_USAGE = YES_ERROR;
				CLANG_WARN_DOCUMENTATION_COMMENTS = YES;
				CLANG_WARN_EMPTY_BODY = YES;
				CLANG_WARN_ENUM_CONVERSION = YES;
				CLANG_WARN_INFINITE_RECURSION = YES;
				CLANG_WARN_INT_CONVERSION = YES;
				CLANG_WARN_NON_LITERAL_NULL_CONVERSION = YES;
				CLANG_WARN_OBJC_IMPLICIT_RETAIN_SELF = YES;
				CLANG_WARN_OBJC_LITERAL_CONVERSION = YES;
				CLANG_WARN_OBJC_ROOT_CLASS = YES_ERROR;
				CLANG_WARN_RANGE_LOOP_ANALYSIS = YES;
				CLANG_WARN_STRICT_PROTOTYPES = YES;
				CLANG_WARN_SUSPICIOUS_MOVE = YES;
				CLANG_WARN_UNGUARDED_AVAILABILITY = YES_AGGRESSIVE;
				CLANG_WARN_UNREACHABLE_CODE = YES;
				CLANG_WARN__DUPLICATE_METHOD_MATCH = YES;
				CODE_SIGN_IDENTITY = "iPhone Developer";
				COPY_PHASE_STRIP = NO;
				DEBUG_INFORMATION_FORMAT = "dwarf-with-dsym";
				ENABLE_NS_ASSERTIONS = NO;
				ENABLE_STRICT_OBJC_MSGSEND = YES;
				GCC_C_LANGUAGE_STANDARD = gnu11;
				GCC_NO_COMMON_BLOCKS = YES;
				GCC_WARN_64_TO_32_BIT_CONVERSION = YES;
				GCC_WARN_ABOUT_RETURN_TYPE = YES_ERROR;
				GCC_WARN_UNDECLARED_SELECTOR = YES;
				GCC_WARN_UNINITIALIZED_AUTOS = YES_AGGRESSIVE;
				GCC_WARN_UNUSED_FUNCTION = YES;
				GCC_WARN_UNUSED_VARIABLE = YES;
				IPHONEOS_DEPLOYMENT_TARGET = 11.4;
				MTL_ENABLE_DEBUG_INFO = NO;
				SDKROOT = iphoneos;
				SWIFT_COMPILATION_MODE = wholemodule;
				SWIFT_OPTIMIZATION_LEVEL = "-O";
				VALIDATE_PRODUCT = YES;
			};
			name = Release;
		};
		DC05DBB720CCEB73000C3B2B /* Debug */ = {
			isa = XCBuildConfiguration;
			buildSettings = {
				ASSETCATALOG_COMPILER_APPICON_NAME = AppIcon;
				CODE_SIGN_STYLE = Automatic;
				DEVELOPMENT_TEAM = TKA48YVS5T;
				INFOPLIST_FILE = Toast/Info.plist;
				IPHONEOS_DEPLOYMENT_TARGET = 8.0;
				LD_RUNPATH_SEARCH_PATHS = (
					"$(inherited)",
					"@executable_path/Frameworks",
				);
				PRODUCT_BUNDLE_IDENTIFIER = com.devedbox.Toast;
				PRODUCT_NAME = "$(TARGET_NAME)";
				SWIFT_VERSION = 4.0;
				TARGETED_DEVICE_FAMILY = "1,2";
			};
			name = Debug;
		};
		DC05DBB820CCEB73000C3B2B /* Release */ = {
			isa = XCBuildConfiguration;
			buildSettings = {
				ASSETCATALOG_COMPILER_APPICON_NAME = AppIcon;
				CODE_SIGN_STYLE = Automatic;
				DEVELOPMENT_TEAM = TKA48YVS5T;
				INFOPLIST_FILE = Toast/Info.plist;
				IPHONEOS_DEPLOYMENT_TARGET = 8.0;
				LD_RUNPATH_SEARCH_PATHS = (
					"$(inherited)",
					"@executable_path/Frameworks",
				);
				PRODUCT_BUNDLE_IDENTIFIER = com.devedbox.Toast;
				PRODUCT_NAME = "$(TARGET_NAME)";
				SWIFT_VERSION = 4.0;
				TARGETED_DEVICE_FAMILY = "1,2";
			};
			name = Release;
		};
/* End XCBuildConfiguration section */

/* Begin XCConfigurationList section */
		DC05DB9F20CCEB72000C3B2B /* Build configuration list for PBXProject "Toast" */ = {
			isa = XCConfigurationList;
			buildConfigurations = (
				DC05DBB420CCEB73000C3B2B /* Debug */,
				DC05DBB520CCEB73000C3B2B /* Release */,
			);
			defaultConfigurationIsVisible = 0;
			defaultConfigurationName = Release;
		};
		DC05DBB620CCEB73000C3B2B /* Build configuration list for PBXNativeTarget "Toast" */ = {
			isa = XCConfigurationList;
			buildConfigurations = (
				DC05DBB720CCEB73000C3B2B /* Debug */,
				DC05DBB820CCEB73000C3B2B /* Release */,
			);
			defaultConfigurationIsVisible = 0;
			defaultConfigurationName = Release;
		};
/* End XCConfigurationList section */
	};
	rootObject = DC05DB9C20CCEB72000C3B2B /* Project object */;
}
